
Microsoft Visual Studio Solution File, Format Version 12.00
# Visual Studio Version 17
VisualStudioVersion = 17.9.34723.18
MinimumVisualStudioVersion = 10.0.40219.1
Project("{FAE04EC0-301F-11D3-BF4B-00C04F79EFBC}") = "WebApi2", "WebApi2\WebApi2.csproj", "{BFC4B569-4AF3-4316-81E6-D7CCE45F164C}"
EndProject
Project("{FAE04EC0-301F-11D3-BF4B-00C04F79EFBC}") = "Core", "Core\Core.csproj", "{D12B1F66-CF95-43F4-96F3-78497F9FB64C}"
EndProject
Project("{FAE04EC0-301F-11D3-BF4B-00C04F79EFBC}") = "Infrastructure", "Infrastructure\Infrastructure.csproj", "{F82D2FE4-7384-4A87-B6AA-336482DF5B67}"
EndProject
Global
	GlobalSection(SolutionConfigurationPlatforms) = preSolution
		Debug|Any CPU = Debug|Any CPU
		Release|Any CPU = Release|Any CPU
	EndGlobalSection
	GlobalSection(ProjectConfigurationPlatforms) = postSolution
		{BFC4B569-4AF3-4316-81E6-D7CCE45F164C}.Debug|Any CPU.ActiveCfg = Debug|Any CPU
		{BFC4B569-4AF3-4316-81E6-D7CCE45F164C}.Debug|Any CPU.Build.0 = Debug|Any CPU
		{BFC4B569-4AF3-4316-81E6-D7CCE45F164C}.Release|Any CPU.ActiveCfg = Release|Any CPU
		{BFC4B569-4AF3-4316-81E6-D7CCE45F164C}.Release|Any CPU.Build.0 = Release|Any CPU
		{D12B1F66-CF95-43F4-96F3-78497F9FB64C}.Debug|Any CPU.ActiveCfg = Debug|Any CPU
		{D12B1F66-CF95-43F4-96F3-78497F9FB64C}.Debug|Any CPU.Build.0 = Debug|Any CPU
		{D12B1F66-CF95-43F4-96F3-78497F9FB64C}.Release|Any CPU.ActiveCfg = Release|Any CPU
		{D12B1F66-CF95-43F4-96F3-78497F9FB64C}.Release|Any CPU.Build.0 = Release|Any CPU
		{F82D2FE4-7384-4A87-B6AA-336482DF5B67}.Debug|Any CPU.ActiveCfg = Debug|Any CPU
		{F82D2FE4-7384-4A87-B6AA-336482DF5B67}.Debug|Any CPU.Build.0 = Debug|Any CPU
		{F82D2FE4-7384-4A87-B6AA-336482DF5B67}.Release|Any CPU.ActiveCfg = Release|Any CPU
		{F82D2FE4-7384-4A87-B6AA-336482DF5B67}.Release|Any CPU.Build.0 = Release|Any CPU
	EndGlobalSection
	GlobalSection(SolutionProperties) = preSolution
		HideSolutionNode = FALSE
	EndGlobalSection
	GlobalSection(ExtensibilityGlobals) = postSolution
		SolutionGuid = {6471B855-4C51-4C73-8AB8-50C2528C891B}
	EndGlobalSection
EndGlobal
